
Microsoft Visual Studio Solution File, Format Version 12.00
# Visual Studio Version 17
VisualStudioVersion = 17.10.35004.147
MinimumVisualStudioVersion = 10.0.40219.1
Project("{FAE04EC0-301F-11D3-BF4B-00C04F79EFBC}") = "Divyesh_Sir", "Divyesh_Sir\Divyesh_Sir.csproj", "{AE446C42-1BC4-4DCA-B2BD-E4C11DC66BC7}"
EndProject
Global
	GlobalSection(SolutionConfigurationPlatforms) = preSolution
		Debug|Any CPU = Debug|Any CPU
		Release|Any CPU = Release|Any CPU
	EndGlobalSection
	GlobalSection(ProjectConfigurationPlatforms) = postSolution
		{AE446C42-1BC4-4DCA-B2BD-E4C11DC66BC7}.Debug|Any CPU.ActiveCfg = Debug|Any CPU
		{AE446C42-1BC4-4DCA-B2BD-E4C11DC66BC7}.Debug|Any CPU.Build.0 = Debug|Any CPU
		{AE446C42-1BC4-4DCA-B2BD-E4C11DC66BC7}.Release|Any CPU.ActiveCfg = Release|Any CPU
		{AE446C42-1BC4-4DCA-B2BD-E4C11DC66BC7}.Release|Any CPU.Build.0 = Release|Any CPU
	EndGlobalSection
	GlobalSection(SolutionProperties) = preSolution
		HideSolutionNode = FALSE
	EndGlobalSection
	GlobalSection(ExtensibilityGlobals) = postSolution
		SolutionGuid = {E76436F5-2FB5-4D3D-8A36-9F471CB8C2B5}
	EndGlobalSection
EndGlobal
